<?xml version="1.0" encoding="utf-8"?>
<Project ToolsVersion="4.0" xmlns="http://schemas.microsoft.com/developer/msbuild/2003">
  <ItemGroup>
    <Filter Include="ソース ファイル">
      <UniqueIdentifier>{4FC737F1-C7A5-4376-A066-2A32D752A2FF}</UniqueIdentifier>
      <Extensions>cpp;c;cc;cxx;def;odl;idl;hpj;bat;asm;asmx</Extensions>
    </Filter>
    <Filter Include="ヘッダー ファイル">
      <UniqueIdentifier>{93995380-89BD-4b04-88EB-625FBE52EBFB}</UniqueIdentifier>
      <Extensions>h;hh;hpp;hxx;hm;inl;inc;ipp;xsd</Extensions>
    </Filter>
    <Filter Include="リソース ファイル">
      <UniqueIdentifier>{67DA6AB6-F800-4c08-8B7A-83BB121AAD01}</UniqueIdentifier>
      <Extensions>rc;ico;cur;bmp;dlg;rc2;rct;bin;rgs;gif;jpg;jpeg;jpe;resx;tiff;tif;png;wav;mfcribbon-ms</Extensions>
    </Filter>
    <Filter Include="ソース ファイル\main">
      <UniqueIdentifier>{cace8b68-cbb2-427f-8216-dd27c0dd6619}</UniqueIdentifier>
    </Filter>
    <Filter Include="ソース ファイル\ConstantTimeHDGF">
      <UniqueIdentifier>{2cb692a9-1476-421c-860f-6ec293757e99}</UniqueIdentifier>
    </Filter>
    <Filter Include="ソース ファイル\init_center_clustering">
      <UniqueIdentifier>{3d5bd7a3-1ed6-4566-add1-10a86259a9d7}</UniqueIdentifier>
    </Filter>
    <Filter Include="ソース ファイル\patchPCA">
      <UniqueIdentifier>{067eab42-c003-42be-9f9e-8d97296d7a4a}</UniqueIdentifier>
    </Filter>
  </ItemGroup>
  <ItemGroup>
    <ClCompile Include="main.cpp">
      <Filter>ソース ファイル\main</Filter>
    </ClCompile>
    <ClCompile Include="quantization.cpp">
      <Filter>ソース ファイル\init_center_clustering</Filter>
    </ClCompile>
    <ClCompile Include="bilateralFilterLocalStatisticsPrior.cpp">
      <Filter>ソース ファイル\ConstantTimeHDGF</Filter>
    </ClCompile>
    <ClCompile Include="TileCHDGF.cpp">
      <Filter>ソース ファイル\ConstantTimeHDGF</Filter>
    </ClCompile>
    <ClCompile Include="HDGF.cpp">
      <Filter>ソース ファイル\ConstantTimeHDGF</Filter>
    </ClCompile>
    <ClCompile Include="HDGF_Interpolation_single.cpp">
      <Filter>ソース ファイル\ConstantTimeHDGF</Filter>
    </ClCompile>
    <ClCompile Include="HDGF_nystrom.cpp">
      <Filter>ソース ファイル\ConstantTimeHDGF</Filter>
    </ClCompile>
    <ClCompile Include="HDGF_nystrom_single.cpp">
      <Filter>ソース ファイル\ConstantTimeHDGF</Filter>
    </ClCompile>
    <ClCompile Include="HDGF_softassignment.cpp">
      <Filter>ソース ファイル\ConstantTimeHDGF</Filter>
    </ClCompile>
    <ClCompile Include="HDGF_softassignment_single.cpp">
      <Filter>ソース ファイル\ConstantTimeHDGF</Filter>
    </ClCompile>
    <ClCompile Include="patchPCA.cpp">
      <Filter>ソース ファイル\patchPCA</Filter>
    </ClCompile>
  </ItemGroup>
  <ItemGroup>
    <ClInclude Include="include\common.hpp">
      <Filter>ヘッダー ファイル</Filter>
    </ClInclude>
    <ClInclude Include="include\HDGF.hpp">
      <Filter>ヘッダー ファイル</Filter>
    </ClInclude>
    <ClInclude Include="include\patchPCA.hpp">
      <Filter>ヘッダー ファイル</Filter>
    </ClInclude>
    <ClInclude Include="stdafx.h">
      <Filter>ソース ファイル\main</Filter>
    </ClInclude>
  </ItemGroup>
</Project>